
Microsoft Visual Studio Solution File, Format Version 12.00
# Visual Studio Version 16
VisualStudioVersion = 16.0.29709.97
MinimumVisualStudioVersion = 10.0.40219.1
Project("{FAE04EC0-301F-11D3-BF4B-00C04F79EFBC}") = "modbus_mongoDB建立", "立德\modbus_mongoDB建立.csproj", "{4EFC09A8-B965-4981-8850-642B75803E76}"
EndProject
Global
	GlobalSection(SolutionConfigurationPlatforms) = preSolution
		Debug|Any CPU = Debug|Any CPU
		Release|Any CPU = Release|Any CPU
	EndGlobalSection
	GlobalSection(ProjectConfigurationPlatforms) = postSolution
		{4EFC09A8-B965-4981-8850-642B75803E76}.Debug|Any CPU.ActiveCfg = Debug|Any CPU
		{4EFC09A8-B965-4981-8850-642B75803E76}.Debug|Any CPU.Build.0 = Debug|Any CPU
		{4EFC09A8-B965-4981-8850-642B75803E76}.Release|Any CPU.ActiveCfg = Release|Any CPU
		{4EFC09A8-B965-4981-8850-642B75803E76}.Release|Any CPU.Build.0 = Release|Any CPU
	EndGlobalSection
	GlobalSection(SolutionProperties) = preSolution
		HideSolutionNode = FALSE
	EndGlobalSection
	GlobalSection(ExtensibilityGlobals) = postSolution
		SolutionGuid = {D947F890-8518-4EC7-B547-CB117E916C2D}
	EndGlobalSection
EndGlobal
